// !$*UTF8*$!
{
	archiveVersion = 1;
	classes = {
	};
	objectVersion = 48;
	objects = {

/* Begin PBXBuildFile section */
		961564C21FC76EBB0030DCFF /* NetworkProcessor.swift in Sources */ = {isa = PBXBuildFile; fileRef = 961564C11FC76EBB0030DCFF /* NetworkProcessor.swift */; };
		964152D81FD670A600EB162C /* CurrentWeather.swift in Sources */ = {isa = PBXBuildFile; fileRef = 964152D71FD670A600EB162C /* CurrentWeather.swift */; };
		965A73C41FC8E148001BDBCE /* ForecastService.swift in Sources */ = {isa = PBXBuildFile; fileRef = 965A73C31FC8E148001BDBCE /* ForecastService.swift */; };
		968CC14D1FC752E500820D74 /* AppDelegate.swift in Sources */ = {isa = PBXBuildFile; fileRef = 968CC14C1FC752E500820D74 /* AppDelegate.swift */; };
		968CC14F1FC752E500820D74 /* ViewController.swift in Sources */ = {isa = PBXBuildFile; fileRef = 968CC14E1FC752E500820D74 /* ViewController.swift */; };
		968CC1521FC752E500820D74 /* Main.storyboard in Resources */ = {isa = PBXBuildFile; fileRef = 968CC1501FC752E500820D74 /* Main.storyboard */; };
		968CC1541FC752E500820D74 /* Assets.xcassets in Resources */ = {isa = PBXBuildFile; fileRef = 968CC1531FC752E500820D74 /* Assets.xcassets */; };
		968CC1571FC752E600820D74 /* LaunchScreen.storyboard in Resources */ = {isa = PBXBuildFile; fileRef = 968CC1551FC752E600820D74 /* LaunchScreen.storyboard */; };
/* End PBXBuildFile section */

/* Begin PBXFileReference section */
		961564C11FC76EBB0030DCFF /* NetworkProcessor.swift */ = {isa = PBXFileReference; lastKnownFileType = sourcecode.swift; path = NetworkProcessor.swift; sourceTree = "<group>"; };
		964152D71FD670A600EB162C /* CurrentWeather.swift */ = {isa = PBXFileReference; lastKnownFileType = sourcecode.swift; path = CurrentWeather.swift; sourceTree = "<group>"; };
		965A73C31FC8E148001BDBCE /* ForecastService.swift */ = {isa = PBXFileReference; lastKnownFileType = sourcecode.swift; path = ForecastService.swift; sourceTree = "<group>"; };
		968CC1491FC752E500820D74 /* RestWeather.app */ = {isa = PBXFileReference; explicitFileType = wrapper.application; includeInIndex = 0; path = RestWeather.app; sourceTree = BUILT_PRODUCTS_DIR; };
		968CC14C1FC752E500820D74 /* AppDelegate.swift */ = {isa = PBXFileReference; lastKnownFileType = sourcecode.swift; path = AppDelegate.swift; sourceTree = "<group>"; };
		968CC14E1FC752E500820D74 /* ViewController.swift */ = {isa = PBXFileReference; lastKnownFileType = sourcecode.swift; path = ViewController.swift; sourceTree = "<group>"; };
		968CC1511FC752E500820D74 /* Base */ = {isa = PBXFileReference; lastKnownFileType = file.storyboard; name = Base; path = Base.lproj/Main.storyboard; sourceTree = "<group>"; };
		968CC1531FC752E500820D74 /* Assets.xcassets */ = {isa = PBXFileReference; lastKnownFileType = folder.assetcatalog; path = Assets.xcassets; sourceTree = "<group>"; };
		968CC1561FC752E600820D74 /* Base */ = {isa = PBXFileReference; lastKnownFileType = file.storyboard; name = Base; path = Base.lproj/LaunchScreen.storyboard; sourceTree = "<group>"; };
		968CC1581FC752E600820D74 /* Info.plist */ = {isa = PBXFileReference; lastKnownFileType = text.plist.xml; path = Info.plist; sourceTree = "<group>"; };
/* End PBXFileReference section */

/* Begin PBXFrameworksBuildPhase section */
		968CC1461FC752E500820D74 /* Frameworks */ = {
			isa = PBXFrameworksBuildPhase;
			buildActionMask = 2147483647;
			files = (
			);
			runOnlyForDeploymentPostprocessing = 0;
		};
/* End PBXFrameworksBuildPhase section */

/* Begin PBXGroup section */
		965A73C21FC8E0F7001BDBCE /* Models */ = {
			isa = PBXGroup;
			children = (
				961564C11FC76EBB0030DCFF /* NetworkProcessor.swift */,
				965A73C31FC8E148001BDBCE /* ForecastService.swift */,
				964152D71FD670A600EB162C /* CurrentWeather.swift */,
			);
			path = Models;
			sourceTree = "<group>";
		};
		968CC1401FC752E400820D74 = {
			isa = PBXGroup;
			children = (
				968CC14B1FC752E500820D74 /* RestWeather */,
				968CC14A1FC752E500820D74 /* Products */,
			);
			sourceTree = "<group>";
		};
		968CC14A1FC752E500820D74 /* Products */ = {
			isa = PBXGroup;
			children = (
				968CC1491FC752E500820D74 /* RestWeather.app */,
			);
			name = Products;
			sourceTree = "<group>";
		};
		968CC14B1FC752E500820D74 /* RestWeather */ = {
			isa = PBXGroup;
			children = (
				968CC14C1FC752E500820D74 /* AppDelegate.swift */,
				968CC14E1FC752E500820D74 /* ViewController.swift */,
				965A73C21FC8E0F7001BDBCE /* Models */,
				968CC1501FC752E500820D74 /* Main.storyboard */,
				968CC1531FC752E500820D74 /* Assets.xcassets */,
				968CC1551FC752E600820D74 /* LaunchScreen.storyboard */,
				968CC1581FC752E600820D74 /* Info.plist */,
			);
			path = RestWeather;
			sourceTree = "<group>";
		};
/* End PBXGroup section */

/* Begin PBXNativeTarget section */
		968CC1481FC752E500820D74 /* RestWeather */ = {
			isa = PBXNativeTarget;
			buildConfigurationList = 968CC15B1FC752E600820D74 /* Build configuration list for PBXNativeTarget "RestWeather" */;
			buildPhases = (
				968CC1451FC752E500820D74 /* Sources */,
				968CC1461FC752E500820D74 /* Frameworks */,
				968CC1471FC752E500820D74 /* Resources */,
			);
			buildRules = (
			);
			dependencies = (
			);
			name = RestWeather;
			productName = RestWeather;
			productReference = 968CC1491FC752E500820D74 /* RestWeather.app */;
			productType = "com.apple.product-type.application";
		};
/* End PBXNativeTarget section */

/* Begin PBXProject section */
		968CC1411FC752E400820D74 /* Project object */ = {
			isa = PBXProject;
			attributes = {
				LastSwiftUpdateCheck = 0900;
				LastUpgradeCheck = 0900;
				ORGANIZATIONNAME = "Subhamoy Paul";
				TargetAttributes = {
					968CC1481FC752E500820D74 = {
						CreatedOnToolsVersion = 9.0.1;
						ProvisioningStyle = Automatic;
					};
				};
			};
			buildConfigurationList = 968CC1441FC752E400820D74 /* Build configuration list for PBXProject "RestWeather" */;
			compatibilityVersion = "Xcode 8.0";
			developmentRegion = en;
			hasScannedForEncodings = 0;
			knownRegions = (
				en,
				Base,
			);
			mainGroup = 968CC1401FC752E400820D74;
			productRefGroup = 968CC14A1FC752E500820D74 /* Products */;
			projectDirPath = "";
			projectRoot = "";
			targets = (
				968CC1481FC752E500820D74 /* RestWeather */,
			);
		};
/* End PBXProject section */

/* Begin PBXResourcesBuildPhase section */
		968CC1471FC752E500820D74 /* Resources */ = {
			isa = PBXResourcesBuildPhase;
			buildActionMask = 2147483647;
			files = (
				968CC1571FC752E600820D74 /* LaunchScreen.storyboard in Resources */,
				968CC1541FC752E500820D74 /* Assets.xcassets in Resources */,
				968CC1521FC752E500820D74 /* Main.storyboard in Resources */,
			);
			runOnlyForDeploymentPostprocessing = 0;
		};
/* End PBXResourcesBuildPhase section */

/* Begin PBXSourcesBuildPhase section */
		968CC1451FC752E500820D74 /* Sources */ = {
			isa = PBXSourcesBuildPhase;
			buildActionMask = 2147483647;
			files = (
				965A73C41FC8E148001BDBCE /* ForecastService.swift in Sources */,
				964152D81FD670A600EB162C /* CurrentWeather.swift in Sources */,
				961564C21FC76EBB0030DCFF /* NetworkProcessor.swift in Sources */,
				968CC14F1FC752E500820D74 /* ViewController.swift in Sources */,
				968CC14D1FC752E500820D74 /* AppDelegate.swift in Sources */,
			);
			runOnlyForDeploymentPostprocessing = 0;
		};
/* End PBXSourcesBuildPhase section */

/* Begin PBXVariantGroup section */
		968CC1501FC752E500820D74 /* Main.storyboard */ = {
			isa = PBXVariantGroup;
			children = (
				968CC1511FC752E500820D74 /* Base */,
			);
			name = Main.storyboard;
			sourceTree = "<group>";
		};
		968CC1551FC752E600820D74 /* LaunchScreen.storyboard */ = {
			isa = PBXVariantGroup;
			children = (
				968CC1561FC752E600820D74 /* Base */,
			);
			name = LaunchScreen.storyboard;
			sourceTree = "<group>";
		};
/* End PBXVariantGroup section */

/* Begin XCBuildConfiguration section */
		968CC1591FC752E600820D74 /* Debug */ = {
			isa = XCBuildConfiguration;
			buildSettings = {
				ALWAYS_SEARCH_USER_PATHS = NO;
				CLANG_ANALYZER_NONNULL = YES;
				CLANG_ANALYZER_NUMBER_OBJECT_CONVERSION = YES_AGGRESSIVE;
				CLANG_CXX_LANGUAGE_STANDARD = "gnu++14";
				CLANG_CXX_LIBRARY = "libc++";
				CLANG_ENABLE_MODULES = YES;
				CLANG_ENABLE_OBJC_ARC = YES;
				CLANG_WARN_BLOCK_CAPTURE_AUTORELEASING = YES;
				CLANG_WARN_BOOL_CONVERSION = YES;
				CLANG_WARN_COMMA = YES;
				CLANG_WARN_CONSTANT_CONVERSION = YES;
				CLANG_WARN_DIRECT_OBJC_ISA_USAGE = YES_ERROR;
				CLANG_WARN_DOCUMENTATION_COMMENTS = YES;
				CLANG_WARN_EMPTY_BODY = YES;
				CLANG_WARN_ENUM_CONVERSION = YES;
				CLANG_WARN_INFINITE_RECURSION = YES;
				CLANG_WARN_INT_CONVERSION = YES;
				CLANG_WARN_NON_LITERAL_NULL_CONVERSION = YES;
				CLANG_WARN_OBJC_LITERAL_CONVERSION = YES;
				CLANG_WARN_OBJC_ROOT_CLASS = YES_ERROR;
				CLANG_WARN_RANGE_LOOP_ANALYSIS = YES;
				CLANG_WARN_STRICT_PROTOTYPES = YES;
				CLANG_WARN_SUSPICIOUS_MOVE = YES;
				CLANG_WARN_UNGUARDED_AVAILABILITY = YES_AGGRESSIVE;
				CLANG_WARN_UNREACHABLE_CODE = YES;
				CLANG_WARN__DUPLICATE_METHOD_MATCH = YES;
				CODE_SIGN_IDENTITY = "iPhone Developer";
				COPY_PHASE_STRIP = NO;
				DEBUG_INFORMATION_FORMAT = dwarf;
				ENABLE_STRICT_OBJC_MSGSEND = YES;
				ENABLE_TESTABILITY = YES;
				GCC_C_LANGUAGE_STANDARD = gnu11;
				GCC_DYNAMIC_NO_PIC = NO;
				GCC_NO_COMMON_BLOCKS = YES;
				GCC_OPTIMIZATION_LEVEL = 0;
				GCC_PREPROCESSOR_DEFINITIONS = (
					"DEBUG=1",
					"$(inherited)",
				);
				GCC_WARN_64_TO_32_BIT_CONVERSION = YES;
				GCC_WARN_ABOUT_RETURN_TYPE = YES_ERROR;
				GCC_WARN_UNDECLARED_SELECTOR = YES;
				GCC_WARN_UNINITIALIZED_AUTOS = YES_AGGRESSIVE;
				GCC_WARN_UNUSED_FUNCTION = YES;
				GCC_WARN_UNUSED_VARIABLE = YES;
				IPHONEOS_DEPLOYMENT_TARGET = 11.0;
				MTL_ENABLE_DEBUG_INFO = YES;
				ONLY_ACTIVE_ARCH = YES;
				SDKROOT = iphoneos;
				SWIFT_ACTIVE_COMPILATION_CONDITIONS = DEBUG;
				SWIFT_OPTIMIZATION_LEVEL = "-Onone";
			};
			name = Debug;
		};
		968CC15A1FC752E600820D74 /* Release */ = {
			isa = XCBuildConfiguration;
			buildSettings = {
				ALWAYS_SEARCH_USER_PATHS = NO;
				CLANG_ANALYZER_NONNULL = YES;
				CLANG_ANALYZER_NUMBER_OBJECT_CONVERSION = YES_AGGRESSIVE;
				CLANG_CXX_LANGUAGE_STANDARD = "gnu++14";
				CLANG_CXX_LIBRARY = "libc++";
				CLANG_ENABLE_MODULES = YES;
				CLANG_ENABLE_OBJC_ARC = YES;
				CLANG_WARN_BLOCK_CAPTURE_AUTORELEASING = YES;
				CLANG_WARN_BOOL_CONVERSION = YES;
				CLANG_WARN_COMMA = YES;
				CLANG_WARN_CONSTANT_CONVERSION = YES;
				CLANG_WARN_DIRECT_OBJC_ISA_USAGE = YES_ERROR;
				CLANG_WARN_DOCUMENTATION_COMMENTS = YES;
				CLANG_WARN_EMPTY_BODY = YES;
				CLANG_WARN_ENUM_CONVERSION = YES;
				CLANG_WARN_INFINITE_RECURSION = YES;
				CLANG_WARN_INT_CONVERSION = YES;
				CLANG_WARN_NON_LITERAL_NULL_CONVERSION = YES;
				CLANG_WARN_OBJC_LITERAL_CONVERSION = YES;
				CLANG_WARN_OBJC_ROOT_CLASS = YES_ERROR;
				CLANG_WARN_RANGE_LOOP_ANALYSIS = YES;
				CLANG_WARN_STRICT_PROTOTYPES = YES;
				CLANG_WARN_SUSPICIOUS_MOVE = YES;
				CLANG_WARN_UNGUARDED_AVAILABILITY = YES_AGGRESSIVE;
				CLANG_WARN_UNREACHABLE_CODE = YES;
				CLANG_WARN__DUPLICATE_METHOD_MATCH = YES;
				CODE_SIGN_IDENTITY = "iPhone Developer";
				COPY_PHASE_STRIP = NO;
				DEBUG_INFORMATION_FORMAT = "dwarf-with-dsym";
				ENABLE_NS_ASSERTIONS = NO;
				ENABLE_STRICT_OBJC_MSGSEND = YES;
				GCC_C_LANGUAGE_STANDARD = gnu11;
				GCC_NO_COMMON_BLOCKS = YES;
				GCC_WARN_64_TO_32_BIT_CONVERSION = YES;
				GCC_WARN_ABOUT_RETURN_TYPE = YES_ERROR;
				GCC_WARN_UNDECLARED_SELECTOR = YES;
				GCC_WARN_UNINITIALIZED_AUTOS = YES_AGGRESSIVE;
				GCC_WARN_UNUSED_FUNCTION = YES;
				GCC_WARN_UNUSED_VARIABLE = YES;
				IPHONEOS_DEPLOYMENT_TARGET = 11.0;
				MTL_ENABLE_DEBUG_INFO = NO;
				SDKROOT = iphoneos;
				SWIFT_OPTIMIZATION_LEVEL = "-Owholemodule";
				VALIDATE_PRODUCT = YES;
			};
			name = Release;
		};
		968CC15C1FC752E600820D74 /* Debug */ = {
			isa = XCBuildConfiguration;
			buildSettings = {
				ASSETCATALOG_COMPILER_APPICON_NAME = AppIcon;
				CODE_SIGN_STYLE = Automatic;
				INFOPLIST_FILE = RestWeather/Info.plist;
				LD_RUNPATH_SEARCH_PATHS = "$(inherited) @executable_path/Frameworks";
				PRODUCT_BUNDLE_IDENTIFIER = com.RestWeather;
				PRODUCT_NAME = "$(TARGET_NAME)";
				SWIFT_VERSION = 4.0;
				TARGETED_DEVICE_FAMILY = "1,2";
			};
			name = Debug;
		};
		968CC15D1FC752E600820D74 /* Release */ = {
			isa = XCBuildConfiguration;
			buildSettings = {
				ASSETCATALOG_COMPILER_APPICON_NAME = AppIcon;
				CODE_SIGN_STYLE = Automatic;
				INFOPLIST_FILE = RestWeather/Info.plist;
				LD_RUNPATH_SEARCH_PATHS = "$(inherited) @executable_path/Frameworks";
				PRODUCT_BUNDLE_IDENTIFIER = com.RestWeather;
				PRODUCT_NAME = "$(TARGET_NAME)";
				SWIFT_VERSION = 4.0;
				TARGETED_DEVICE_FAMILY = "1,2";
			};
			name = Release;
		};
/* End XCBuildConfiguration section */

/* Begin XCConfigurationList section */
		968CC1441FC752E400820D74 /* Build configuration list for PBXProject "RestWeather" */ = {
			isa = XCConfigurationList;
			buildConfigurations = (
				968CC1591FC752E600820D74 /* Debug */,
				968CC15A1FC752E600820D74 /* Release */,
			);
			defaultConfigurationIsVisible = 0;
			defaultConfigurationName = Release;
		};
		968CC15B1FC752E600820D74 /* Build configuration list for PBXNativeTarget "RestWeather" */ = {
			isa = XCConfigurationList;
			buildConfigurations = (
				968CC15C1FC752E600820D74 /* Debug */,
				968CC15D1FC752E600820D74 /* Release */,
			);
			defaultConfigurationIsVisible = 0;
			defaultConfigurationName = Release;
		};
/* End XCConfigurationList section */
	};
	rootObject = 968CC1411FC752E400820D74 /* Project object */;
}
